
Microsoft Visual Studio Solution File, Format Version 12.00
# Visual Studio 14
VisualStudioVersion = 14.0.25420.1
MinimumVisualStudioVersion = 10.0.40219.1
Project("{FAE04EC0-301F-11D3-BF4B-00C04F79EFBC}") = "AlterianEMAPISample", "AlterianEMAPISample\AlterianEMAPISample.csproj", "{8352B427-E9A3-4425-8194-4C7ED4D010C2}"
EndProject
Project("{FAE04EC0-301F-11D3-BF4B-00C04F79EFBC}") = "AlterianEMClient", "AlterianEMAPIClient\AlterianEMClient.csproj", "{87D2472F-AA97-4977-806E-1F2669357C40}"
EndProject
Global
	GlobalSection(SolutionConfigurationPlatforms) = preSolution
		Debug|Any CPU = Debug|Any CPU
		Release|Any CPU = Release|Any CPU
	EndGlobalSection
	GlobalSection(ProjectConfigurationPlatforms) = postSolution
		{8352B427-E9A3-4425-8194-4C7ED4D010C2}.Debug|Any CPU.ActiveCfg = Debug|Any CPU
		{8352B427-E9A3-4425-8194-4C7ED4D010C2}.Debug|Any CPU.Build.0 = Debug|Any CPU
		{8352B427-E9A3-4425-8194-4C7ED4D010C2}.Release|Any CPU.ActiveCfg = Release|Any CPU
		{8352B427-E9A3-4425-8194-4C7ED4D010C2}.Release|Any CPU.Build.0 = Release|Any CPU
		{87D2472F-AA97-4977-806E-1F2669357C40}.Debug|Any CPU.ActiveCfg = Debug|Any CPU
		{87D2472F-AA97-4977-806E-1F2669357C40}.Debug|Any CPU.Build.0 = Debug|Any CPU
		{87D2472F-AA97-4977-806E-1F2669357C40}.Release|Any CPU.ActiveCfg = Release|Any CPU
		{87D2472F-AA97-4977-806E-1F2669357C40}.Release|Any CPU.Build.0 = Release|Any CPU
	EndGlobalSection
	GlobalSection(SolutionProperties) = preSolution
		HideSolutionNode = FALSE
	EndGlobalSection
EndGlobal
